{
  "name": "communication-services-web-chat-hero",
  "version": "1.0.0",
  "lockfileVersion": 2,
  "requires": true,
  "packages": {
    "": {
      "name": "communication-services-web-chat-hero",
      "version": "1.0.0",
      "license": "MIT",
      "dependencies": {
        "@fluentui/react-icons-mdl2": "^1.3.49"
      }
    },
    "node_modules/@fluentui/dom-utilities": {
      "version": "2.2.11",
      "resolved": "https://registry.npmjs.org/@fluentui/dom-utilities/-/dom-utilities-2.2.11.tgz",
      "integrity": "sha512-2tXfg7/9PXu9nfU72/P3o3waHEFEQtHUfQbVexUaYqNNAxMj6sOfsqpUx4vd5nPgO+grSWrl+spqlLN2yej51w==",
      "dependencies": {
        "@fluentui/set-version": "^8.2.11",
        "tslib": "^2.1.0"
      }
    },
    "node_modules/@fluentui/merge-styles": {
      "version": "8.5.12",
      "resolved": "https://registry.npmjs.org/@fluentui/merge-styles/-/merge-styles-8.5.12.tgz",
      "integrity": "sha512-ZnUo0YuMP7AYi68dkknFqVxopIAgbrUnqR/MZlemmRvBYyy1SMj1WQeHcoiLFA8mF8YKn7B+jxQgJbN2bfcrRw==",
      "dependencies": {
        "@fluentui/set-version": "^8.2.11",
        "tslib": "^2.1.0"
      }
    },
    "node_modules/@fluentui/react-icon-provider": {
      "version": "1.3.45",
      "resolved": "https://registry.npmjs.org/@fluentui/react-icon-provider/-/react-icon-provider-1.3.45.tgz",
      "integrity": "sha512-kH8Qp2hpVsnX43U7VFnNWkTUoPIS8lxe/xX1PFkl29Ixx4YSxcy+3FDP18+mYH81usW8u4hZDPy02YqtI2hQMA==",
      "dependencies": {
        "@fluentui/set-version": "^8.2.11",
        "@fluentui/style-utilities": "^8.9.17",
        "tslib": "^2.1.0"
      },
      "peerDependencies": {
        "@types/react": ">=16.8.0 <19.0.0",
        "@types/react-dom": ">=16.8.0 <19.0.0",
        "react": ">=16.8.0 <19.0.0",
        "react-dom": ">=16.8.0 <19.0.0"
      }
    },
    "node_modules/@fluentui/react-icons-mdl2": {
      "version": "1.3.49",
      "resolved": "https://registry.npmjs.org/@fluentui/react-icons-mdl2/-/react-icons-mdl2-1.3.49.tgz",
      "integrity": "sha512-x8WPt685y51jOulYW4XTwPgIwlam5OXBAU2I6KalQi52hajzWb0LCFvePmCka+sYnMY1Wo0PmwzaxrSonyn/RA==",
      "dependencies": {
        "@fluentui/react-icon-provider": "^1.3.45",
        "@fluentui/set-version": "^8.2.11",
        "@fluentui/utilities": "^8.13.18",
        "@microsoft/load-themed-styles": "^1.10.26",
        "tslib": "^2.1.0"
      },
      "peerDependencies": {
        "react": ">=16.8.0 <19.0.0"
      }
    },
    "node_modules/@fluentui/set-version": {
      "version": "8.2.11",
      "resolved": "https://registry.npmjs.org/@fluentui/set-version/-/set-version-8.2.11.tgz",
      "integrity": "sha512-UI03tysau/adBO1a3q4uFZWQ3lfkiFcAWIFng4k5odWcCokfCm5IxA0urKqj5W5JRYdyoBUaq8QbcNGkFB4dCw==",
      "dependencies": {
        "tslib": "^2.1.0"
      }
    },
    "node_modules/@fluentui/style-utilities": {
      "version": "8.9.17",
      "resolved": "https://registry.npmjs.org/@fluentui/style-utilities/-/style-utilities-8.9.17.tgz",
      "integrity": "sha512-wMeLw3MSIotx1EzDYTMWFx03iZqR/YBaUt1FR2oamt+zz3HKiproNR9xNKEQmszNFUDDAZJL9XhLVp1iNlS88A==",
      "dependencies": {
        "@fluentui/merge-styles": "^8.5.12",
        "@fluentui/set-version": "^8.2.11",
        "@fluentui/theme": "^2.6.35",
        "@fluentui/utilities": "^8.13.18",
        "@microsoft/load-themed-styles": "^1.10.26",
        "tslib": "^2.1.0"
      }
    },
    "node_modules/@fluentui/theme": {
      "version": "2.6.35",
      "resolved": "https://registry.npmjs.org/@fluentui/theme/-/theme-2.6.35.tgz",
      "integrity": "sha512-8EusEcEX/9gA1H0vVYZX0q+na88cPrS8Cs2XPlN056Xtzzrbgl6qFRJ79aiJaZ8Oq6TkcASn1gfgyUTz6fbMng==",
      "dependencies": {
        "@fluentui/merge-styles": "^8.5.12",
        "@fluentui/set-version": "^8.2.11",
        "@fluentui/utilities": "^8.13.18",
        "tslib": "^2.1.0"
      },
      "peerDependencies": {
        "@types/react": ">=16.8.0 <19.0.0",
        "react": ">=16.8.0 <19.0.0"
      }
    },
    "node_modules/@fluentui/utilities": {
      "version": "8.13.18",
      "resolved": "https://registry.npmjs.org/@fluentui/utilities/-/utilities-8.13.18.tgz",
      "integrity": "sha512-/0rX9EzltLKwU1SS14VV7agWoOzruVTU3oagZq1QgFAvoj8qi7fNqvSX/VEeRy+0gmbsCkrEViUPkmC7drKzPg==",
      "dependencies": {
        "@fluentui/dom-utilities": "^2.2.11",
        "@fluentui/merge-styles": "^8.5.12",
        "@fluentui/set-version": "^8.2.11",
        "tslib": "^2.1.0"
      },
      "peerDependencies": {
        "@types/react": ">=16.8.0 <19.0.0",
        "react": ">=16.8.0 <19.0.0"
      }
    },
    "node_modules/@microsoft/load-themed-styles": {
      "version": "1.10.295",
      "resolved": "https://registry.npmjs.org/@microsoft/load-themed-styles/-/load-themed-styles-1.10.295.tgz",
      "integrity": "sha512-W+IzEBw8a6LOOfRJM02dTT7BDZijxm+Z7lhtOAz1+y9vQm1Kdz9jlAO+qCEKsfxtUOmKilW8DIRqFw2aUgKeGg=="
    },
    "node_modules/@types/prop-types": {
      "version": "15.7.5",
      "resolved": "https://registry.npmjs.org/@types/prop-types/-/prop-types-15.7.5.tgz",
      "integrity": "sha512-JCB8C6SnDoQf0cNycqd/35A7MjcnK+ZTqE7judS6o7utxUCg6imJg3QK2qzHKszlTjcj2cn+NwMB2i96ubpj7w==",
      "peer": true
    },
    "node_modules/@types/react": {
      "version": "18.2.21",
      "resolved": "https://registry.npmjs.org/@types/react/-/react-18.2.21.tgz",
      "integrity": "sha512-neFKG/sBAwGxHgXiIxnbm3/AAVQ/cMRS93hvBpg8xYRbeQSPVABp9U2bRnPf0iI4+Ucdv3plSxKK+3CW2ENJxA==",
      "peer": true,
      "dependencies": {
        "@types/prop-types": "*",
        "@types/scheduler": "*",
        "csstype": "^3.0.2"
      }
    },
    "node_modules/@types/react-dom": {
      "version": "18.2.7",
      "resolved": "https://registry.npmjs.org/@types/react-dom/-/react-dom-18.2.7.tgz",
      "integrity": "sha512-GRaAEriuT4zp9N4p1i8BDBYmEyfo+xQ3yHjJU4eiK5NDa1RmUZG+unZABUTK4/Ox/M+GaHwb6Ow8rUITrtjszA==",
      "peer": true,
      "dependencies": {
        "@types/react": "*"
      }
    },
    "node_modules/@types/scheduler": {
      "version": "0.16.3",
      "resolved": "https://registry.npmjs.org/@types/scheduler/-/scheduler-0.16.3.tgz",
      "integrity": "sha512-5cJ8CB4yAx7BH1oMvdU0Jh9lrEXyPkar6F9G/ERswkCuvP4KQZfZkSjcMbAICCpQTN4OuZn8tz0HiKv9TGZgrQ==",
      "peer": true
    },
    "node_modules/csstype": {
      "version": "3.1.2",
      "resolved": "https://registry.npmjs.org/csstype/-/csstype-3.1.2.tgz",
      "integrity": "sha512-I7K1Uu0MBPzaFKg4nI5Q7Vs2t+3gWWW648spaF+Rg7pI9ds18Ugn+lvg4SHczUdKlHI5LWBXyqfS8+DufyBsgQ==",
      "peer": true
    },
    "node_modules/js-tokens": {
      "version": "4.0.0",
      "resolved": "https://registry.npmjs.org/js-tokens/-/js-tokens-4.0.0.tgz",
      "integrity": "sha512-RdJUflcE3cUzKiMqQgsCu06FPu9UdIJO0beYbPhHN4k6apgJtifcoCtT9bcxOpYBtpD2kCM6Sbzg4CausW/PKQ==",
      "peer": true
    },
    "node_modules/loose-envify": {
      "version": "1.4.0",
      "resolved": "https://registry.npmjs.org/loose-envify/-/loose-envify-1.4.0.tgz",
      "integrity": "sha512-lyuxPGr/Wfhrlem2CL/UcnUc1zcqKAImBDzukY7Y5F/yQiNdko6+fRLevlw1HgMySw7f611UIY408EtxRSoK3Q==",
      "peer": true,
      "dependencies": {
        "js-tokens": "^3.0.0 || ^4.0.0"
      },
      "bin": {
        "loose-envify": "cli.js"
      }
    },
    "node_modules/react": {
      "version": "18.2.0",
      "resolved": "https://registry.npmjs.org/react/-/react-18.2.0.tgz",
      "integrity": "sha512-/3IjMdb2L9QbBdWiW5e3P2/npwMBaU9mHCSCUzNln0ZCYbcfTsGbTJrU/kGemdH2IWmB2ioZ+zkxtmq6g09fGQ==",
      "peer": true,
      "dependencies": {
        "loose-envify": "^1.1.0"
      },
      "engines": {
        "node": ">=0.10.0"
      }
    },
    "node_modules/react-dom": {
      "version": "18.2.0",
      "resolved": "https://registry.npmjs.org/react-dom/-/react-dom-18.2.0.tgz",
      "integrity": "sha512-6IMTriUmvsjHUjNtEDudZfuDQUoWXVxKHhlEGSk81n4YFS+r/Kl99wXiwlVXtPBtJenozv2P+hxDsw9eA7Xo6g==",
      "peer": true,
      "dependencies": {
        "loose-envify": "^1.1.0",
        "scheduler": "^0.23.0"
      },
      "peerDependencies": {
        "react": "^18.2.0"
      }
    },
    "node_modules/scheduler": {
      "version": "0.23.0",
      "resolved": "https://registry.npmjs.org/scheduler/-/scheduler-0.23.0.tgz",
      "integrity": "sha512-CtuThmgHNg7zIZWAXi3AsyIzA3n4xx7aNyjwC2VJldO2LMVDhFK+63xGqq6CsJH4rTAt6/M+N4GhZiDYPx9eUw==",
      "peer": true,
      "dependencies": {
        "loose-envify": "^1.1.0"
      }
    },
    "node_modules/tslib": {
      "version": "2.6.2",
      "resolved": "https://registry.npmjs.org/tslib/-/tslib-2.6.2.tgz",
      "integrity": "sha512-AEYxH93jGFPn/a2iVAwW87VuUIkR1FVUKB77NwMF7nBTDkDrrT/Hpt/IrCJ0QXhW27jTBDcf5ZY7w6RiqTMw2Q=="
    }
  },
  "dependencies": {
    "@fluentui/dom-utilities": {
      "version": "2.2.11",
      "resolved": "https://registry.npmjs.org/@fluentui/dom-utilities/-/dom-utilities-2.2.11.tgz",
      "integrity": "sha512-2tXfg7/9PXu9nfU72/P3o3waHEFEQtHUfQbVexUaYqNNAxMj6sOfsqpUx4vd5nPgO+grSWrl+spqlLN2yej51w==",
      "requires": {
        "@fluentui/set-version": "^8.2.11",
        "tslib": "^2.1.0"
      }
    },
    "@fluentui/merge-styles": {
      "version": "8.5.12",
      "resolved": "https://registry.npmjs.org/@fluentui/merge-styles/-/merge-styles-8.5.12.tgz",
      "integrity": "sha512-ZnUo0YuMP7AYi68dkknFqVxopIAgbrUnqR/MZlemmRvBYyy1SMj1WQeHcoiLFA8mF8YKn7B+jxQgJbN2bfcrRw==",
      "requires": {
        "@fluentui/set-version": "^8.2.11",
        "tslib": "^2.1.0"
      }
    },
    "@fluentui/react-icon-provider": {
      "version": "1.3.45",
      "resolved": "https://registry.npmjs.org/@fluentui/react-icon-provider/-/react-icon-provider-1.3.45.tgz",
      "integrity": "sha512-kH8Qp2hpVsnX43U7VFnNWkTUoPIS8lxe/xX1PFkl29Ixx4YSxcy+3FDP18+mYH81usW8u4hZDPy02YqtI2hQMA==",
      "requires": {
        "@fluentui/set-version": "^8.2.11",
        "@fluentui/style-utilities": "^8.9.17",
        "tslib": "^2.1.0"
      }
    },
    "@fluentui/react-icons-mdl2": {
      "version": "1.3.49",
      "resolved": "https://registry.npmjs.org/@fluentui/react-icons-mdl2/-/react-icons-mdl2-1.3.49.tgz",
      "integrity": "sha512-x8WPt685y51jOulYW4XTwPgIwlam5OXBAU2I6KalQi52hajzWb0LCFvePmCka+sYnMY1Wo0PmwzaxrSonyn/RA==",
      "requires": {
        "@fluentui/react-icon-provider": "^1.3.45",
        "@fluentui/set-version": "^8.2.11",
        "@fluentui/utilities": "^8.13.18",
        "@microsoft/load-themed-styles": "^1.10.26",
        "tslib": "^2.1.0"
      }
    },
    "@fluentui/set-version": {
      "version": "8.2.11",
      "resolved": "https://registry.npmjs.org/@fluentui/set-version/-/set-version-8.2.11.tgz",
      "integrity": "sha512-UI03tysau/adBO1a3q4uFZWQ3lfkiFcAWIFng4k5odWcCokfCm5IxA0urKqj5W5JRYdyoBUaq8QbcNGkFB4dCw==",
      "requires": {
        "tslib": "^2.1.0"
      }
    },
    "@fluentui/style-utilities": {
      "version": "8.9.17",
      "resolved": "https://registry.npmjs.org/@fluentui/style-utilities/-/style-utilities-8.9.17.tgz",
      "integrity": "sha512-wMeLw3MSIotx1EzDYTMWFx03iZqR/YBaUt1FR2oamt+zz3HKiproNR9xNKEQmszNFUDDAZJL9XhLVp1iNlS88A==",
      "requires": {
        "@fluentui/merge-styles": "^8.5.12",
        "@fluentui/set-version": "^8.2.11",
        "@fluentui/theme": "^2.6.35",
        "@fluentui/utilities": "^8.13.18",
        "@microsoft/load-themed-styles": "^1.10.26",
        "tslib": "^2.1.0"
      }
    },
    "@fluentui/theme": {
      "version": "2.6.35",
      "resolved": "https://registry.npmjs.org/@fluentui/theme/-/theme-2.6.35.tgz",
      "integrity": "sha512-8EusEcEX/9gA1H0vVYZX0q+na88cPrS8Cs2XPlN056Xtzzrbgl6qFRJ79aiJaZ8Oq6TkcASn1gfgyUTz6fbMng==",
      "requires": {
        "@fluentui/merge-styles": "^8.5.12",
        "@fluentui/set-version": "^8.2.11",
        "@fluentui/utilities": "^8.13.18",
        "tslib": "^2.1.0"
      }
    },
    "@fluentui/utilities": {
      "version": "8.13.18",
      "resolved": "https://registry.npmjs.org/@fluentui/utilities/-/utilities-8.13.18.tgz",
      "integrity": "sha512-/0rX9EzltLKwU1SS14VV7agWoOzruVTU3oagZq1QgFAvoj8qi7fNqvSX/VEeRy+0gmbsCkrEViUPkmC7drKzPg==",
      "requires": {
        "@fluentui/dom-utilities": "^2.2.11",
        "@fluentui/merge-styles": "^8.5.12",
        "@fluentui/set-version": "^8.2.11",
        "tslib": "^2.1.0"
      }
    },
    "@microsoft/load-themed-styles": {
      "version": "1.10.295",
      "resolved": "https://registry.npmjs.org/@microsoft/load-themed-styles/-/load-themed-styles-1.10.295.tgz",
      "integrity": "sha512-W+IzEBw8a6LOOfRJM02dTT7BDZijxm+Z7lhtOAz1+y9vQm1Kdz9jlAO+qCEKsfxtUOmKilW8DIRqFw2aUgKeGg=="
    },
    "@types/prop-types": {
      "version": "15.7.5",
      "resolved": "https://registry.npmjs.org/@types/prop-types/-/prop-types-15.7.5.tgz",
      "integrity": "sha512-JCB8C6SnDoQf0cNycqd/35A7MjcnK+ZTqE7judS6o7utxUCg6imJg3QK2qzHKszlTjcj2cn+NwMB2i96ubpj7w==",
      "peer": true
    },
    "@types/react": {
      "version": "18.2.21",
      "resolved": "https://registry.npmjs.org/@types/react/-/react-18.2.21.tgz",
      "integrity": "sha512-neFKG/sBAwGxHgXiIxnbm3/AAVQ/cMRS93hvBpg8xYRbeQSPVABp9U2bRnPf0iI4+Ucdv3plSxKK+3CW2ENJxA==",
      "peer": true,
      "requires": {
        "@types/prop-types": "*",
        "@types/scheduler": "*",
        "csstype": "^3.0.2"
      }
    },
    "@types/react-dom": {
      "version": "18.2.7",
      "resolved": "https://registry.npmjs.org/@types/react-dom/-/react-dom-18.2.7.tgz",
      "integrity": "sha512-GRaAEriuT4zp9N4p1i8BDBYmEyfo+xQ3yHjJU4eiK5NDa1RmUZG+unZABUTK4/Ox/M+GaHwb6Ow8rUITrtjszA==",
      "peer": true,
      "requires": {
        "@types/react": "*"
      }
    },
    "@types/scheduler": {
      "version": "0.16.3",
      "resolved": "https://registry.npmjs.org/@types/scheduler/-/scheduler-0.16.3.tgz",
      "integrity": "sha512-5cJ8CB4yAx7BH1oMvdU0Jh9lrEXyPkar6F9G/ERswkCuvP4KQZfZkSjcMbAICCpQTN4OuZn8tz0HiKv9TGZgrQ==",
      "peer": true
    },
    "csstype": {
      "version": "3.1.2",
      "resolved": "https://registry.npmjs.org/csstype/-/csstype-3.1.2.tgz",
      "integrity": "sha512-I7K1Uu0MBPzaFKg4nI5Q7Vs2t+3gWWW648spaF+Rg7pI9ds18Ugn+lvg4SHczUdKlHI5LWBXyqfS8+DufyBsgQ==",
      "peer": true
    },
    "js-tokens": {
      "version": "4.0.0",
      "resolved": "https://registry.npmjs.org/js-tokens/-/js-tokens-4.0.0.tgz",
      "integrity": "sha512-RdJUflcE3cUzKiMqQgsCu06FPu9UdIJO0beYbPhHN4k6apgJtifcoCtT9bcxOpYBtpD2kCM6Sbzg4CausW/PKQ==",
      "peer": true
    },
    "loose-envify": {
      "version": "1.4.0",
      "resolved": "https://registry.npmjs.org/loose-envify/-/loose-envify-1.4.0.tgz",
      "integrity": "sha512-lyuxPGr/Wfhrlem2CL/UcnUc1zcqKAImBDzukY7Y5F/yQiNdko6+fRLevlw1HgMySw7f611UIY408EtxRSoK3Q==",
      "peer": true,
      "requires": {
        "js-tokens": "^3.0.0 || ^4.0.0"
      }
    },
    "react": {
      "version": "18.2.0",
      "resolved": "https://registry.npmjs.org/react/-/react-18.2.0.tgz",
      "integrity": "sha512-/3IjMdb2L9QbBdWiW5e3P2/npwMBaU9mHCSCUzNln0ZCYbcfTsGbTJrU/kGemdH2IWmB2ioZ+zkxtmq6g09fGQ==",
      "peer": true,
      "requires": {
        "loose-envify": "^1.1.0"
      }
    },
    "react-dom": {
      "version": "18.2.0",
      "resolved": "https://registry.npmjs.org/react-dom/-/react-dom-18.2.0.tgz",
      "integrity": "sha512-6IMTriUmvsjHUjNtEDudZfuDQUoWXVxKHhlEGSk81n4YFS+r/Kl99wXiwlVXtPBtJenozv2P+hxDsw9eA7Xo6g==",
      "peer": true,
      "requires": {
        "loose-envify": "^1.1.0",
        "scheduler": "^0.23.0"
      }
    },
    "scheduler": {
      "version": "0.23.0",
      "resolved": "https://registry.npmjs.org/scheduler/-/scheduler-0.23.0.tgz",
      "integrity": "sha512-CtuThmgHNg7zIZWAXi3AsyIzA3n4xx7aNyjwC2VJldO2LMVDhFK+63xGqq6CsJH4rTAt6/M+N4GhZiDYPx9eUw==",
      "peer": true,
      "requires": {
        "loose-envify": "^1.1.0"
      }
    },
    "tslib": {
      "version": "2.6.2",
      "resolved": "https://registry.npmjs.org/tslib/-/tslib-2.6.2.tgz",
      "integrity": "sha512-AEYxH93jGFPn/a2iVAwW87VuUIkR1FVUKB77NwMF7nBTDkDrrT/Hpt/IrCJ0QXhW27jTBDcf5ZY7w6RiqTMw2Q=="
    }
  }
}
